
Microsoft Visual Studio Solution File, Format Version 12.00
# Visual Studio 15
VisualStudioVersion = 15.0.28307.438
MinimumVisualStudioVersion = 10.0.40219.1
Project("{FAE04EC0-301F-11D3-BF4B-00C04F79EFBC}") = "1.CharacterShowAndController", "RPGGame\1.CharacterShowAndController.csproj", "{2BC98C2D-1D2B-4A94-B73B-DCF83499A0D2}"
EndProject
Project("{FAE04EC0-301F-11D3-BF4B-00C04F79EFBC}") = "2.CharacterTroops", "CharacterTroops\2.CharacterTroops.csproj", "{AE12302B-7379-4BD5-B199-BAB2FD2E7A9A}"
EndProject
Project("{FAE04EC0-301F-11D3-BF4B-00C04F79EFBC}") = "3.GameMap", "GameMap\3.GameMap.csproj", "{CE7995CE-71C5-424B-8D79-5A88DAEB66B6}"
EndProject
Project("{FAE04EC0-301F-11D3-BF4B-00C04F79EFBC}") = "4.NpcCharacter", "NpcCharacter\4.NpcCharacter.csproj", "{60D6895F-831C-4B44-92AF-678090A5B7C9}"
EndProject
Project("{FAE04EC0-301F-11D3-BF4B-00C04F79EFBC}") = "5.InterfaceSystem", "InterfaceSystem\5.InterfaceSystem.csproj", "{4555ABF6-3635-42BE-B6E6-0B1751EC0E56}"
EndProject
Project("{FAE04EC0-301F-11D3-BF4B-00C04F79EFBC}") = "6.MouseController", "MouseController\6.MouseController.csproj", "{A9A1216B-6636-4138-AA2D-AEAF1C675D57}"
EndProject
Project("{FAE04EC0-301F-11D3-BF4B-00C04F79EFBC}") = "7.GoodsAndSkills", "GoodsAndSkills\7.GoodsAndSkills.csproj", "{DF1EE53A-0983-46BD-BDFE-4E3669795CA6}"
EndProject
Global
	GlobalSection(SolutionConfigurationPlatforms) = preSolution
		Debug|Any CPU = Debug|Any CPU
		Release|Any CPU = Release|Any CPU
	EndGlobalSection
	GlobalSection(ProjectConfigurationPlatforms) = postSolution
		{2BC98C2D-1D2B-4A94-B73B-DCF83499A0D2}.Debug|Any CPU.ActiveCfg = Debug|Any CPU
		{2BC98C2D-1D2B-4A94-B73B-DCF83499A0D2}.Debug|Any CPU.Build.0 = Debug|Any CPU
		{2BC98C2D-1D2B-4A94-B73B-DCF83499A0D2}.Release|Any CPU.ActiveCfg = Release|Any CPU
		{2BC98C2D-1D2B-4A94-B73B-DCF83499A0D2}.Release|Any CPU.Build.0 = Release|Any CPU
		{AE12302B-7379-4BD5-B199-BAB2FD2E7A9A}.Debug|Any CPU.ActiveCfg = Debug|Any CPU
		{AE12302B-7379-4BD5-B199-BAB2FD2E7A9A}.Debug|Any CPU.Build.0 = Debug|Any CPU
		{AE12302B-7379-4BD5-B199-BAB2FD2E7A9A}.Release|Any CPU.ActiveCfg = Release|Any CPU
		{AE12302B-7379-4BD5-B199-BAB2FD2E7A9A}.Release|Any CPU.Build.0 = Release|Any CPU
		{CE7995CE-71C5-424B-8D79-5A88DAEB66B6}.Debug|Any CPU.ActiveCfg = Debug|Any CPU
		{CE7995CE-71C5-424B-8D79-5A88DAEB66B6}.Debug|Any CPU.Build.0 = Debug|Any CPU
		{CE7995CE-71C5-424B-8D79-5A88DAEB66B6}.Release|Any CPU.ActiveCfg = Release|Any CPU
		{CE7995CE-71C5-424B-8D79-5A88DAEB66B6}.Release|Any CPU.Build.0 = Release|Any CPU
		{60D6895F-831C-4B44-92AF-678090A5B7C9}.Debug|Any CPU.ActiveCfg = Debug|Any CPU
		{60D6895F-831C-4B44-92AF-678090A5B7C9}.Debug|Any CPU.Build.0 = Debug|Any CPU
		{60D6895F-831C-4B44-92AF-678090A5B7C9}.Release|Any CPU.ActiveCfg = Release|Any CPU
		{60D6895F-831C-4B44-92AF-678090A5B7C9}.Release|Any CPU.Build.0 = Release|Any CPU
		{4555ABF6-3635-42BE-B6E6-0B1751EC0E56}.Debug|Any CPU.ActiveCfg = Debug|Any CPU
		{4555ABF6-3635-42BE-B6E6-0B1751EC0E56}.Debug|Any CPU.Build.0 = Debug|Any CPU
		{4555ABF6-3635-42BE-B6E6-0B1751EC0E56}.Release|Any CPU.ActiveCfg = Release|Any CPU
		{4555ABF6-3635-42BE-B6E6-0B1751EC0E56}.Release|Any CPU.Build.0 = Release|Any CPU
		{A9A1216B-6636-4138-AA2D-AEAF1C675D57}.Debug|Any CPU.ActiveCfg = Debug|Any CPU
		{A9A1216B-6636-4138-AA2D-AEAF1C675D57}.Debug|Any CPU.Build.0 = Debug|Any CPU
		{A9A1216B-6636-4138-AA2D-AEAF1C675D57}.Release|Any CPU.ActiveCfg = Release|Any CPU
		{A9A1216B-6636-4138-AA2D-AEAF1C675D57}.Release|Any CPU.Build.0 = Release|Any CPU
		{DF1EE53A-0983-46BD-BDFE-4E3669795CA6}.Debug|Any CPU.ActiveCfg = Debug|Any CPU
		{DF1EE53A-0983-46BD-BDFE-4E3669795CA6}.Debug|Any CPU.Build.0 = Debug|Any CPU
		{DF1EE53A-0983-46BD-BDFE-4E3669795CA6}.Release|Any CPU.ActiveCfg = Release|Any CPU
		{DF1EE53A-0983-46BD-BDFE-4E3669795CA6}.Release|Any CPU.Build.0 = Release|Any CPU
	EndGlobalSection
	GlobalSection(SolutionProperties) = preSolution
		HideSolutionNode = FALSE
	EndGlobalSection
	GlobalSection(ExtensibilityGlobals) = postSolution
		SolutionGuid = {6262A3E1-2AA7-42D9-9DBA-A7A7C786F533}
	EndGlobalSection
EndGlobal
